
Microsoft Visual Studio Solution File, Format Version 12.00
# Visual Studio 15
VisualStudioVersion = 15.0.27130.0
MinimumVisualStudioVersion = 10.0.40219.1
Project("{8BC9CEB8-8B4A-11D0-8D11-00A0C91BC942}") = "3.1.2DObjects_GLSL", "3.1.2DObjects_GLSL\3.1.2DObjects_GLSL.vcxproj", "{AE9650AD-9ADF-4D9D-961C-2C71AF2856A4}"
EndProject
Global
	GlobalSection(SolutionConfigurationPlatforms) = preSolution
		Debug|x64 = Debug|x64
		Debug|x86 = Debug|x86
		Release|x64 = Release|x64
		Release|x86 = Release|x86
	EndGlobalSection
	GlobalSection(ProjectConfigurationPlatforms) = postSolution
		{AE9650AD-9ADF-4D9D-961C-2C71AF2856A4}.Debug|x64.ActiveCfg = Debug|x64
		{AE9650AD-9ADF-4D9D-961C-2C71AF2856A4}.Debug|x64.Build.0 = Debug|x64
		{AE9650AD-9ADF-4D9D-961C-2C71AF2856A4}.Debug|x86.ActiveCfg = Debug|Win32
		{AE9650AD-9ADF-4D9D-961C-2C71AF2856A4}.Debug|x86.Build.0 = Debug|Win32
		{AE9650AD-9ADF-4D9D-961C-2C71AF2856A4}.Release|x64.ActiveCfg = Release|x64
		{AE9650AD-9ADF-4D9D-961C-2C71AF2856A4}.Release|x64.Build.0 = Release|x64
		{AE9650AD-9ADF-4D9D-961C-2C71AF2856A4}.Release|x86.ActiveCfg = Release|Win32
		{AE9650AD-9ADF-4D9D-961C-2C71AF2856A4}.Release|x86.Build.0 = Release|Win32
	EndGlobalSection
	GlobalSection(SolutionProperties) = preSolution
		HideSolutionNode = FALSE
	EndGlobalSection
	GlobalSection(ExtensibilityGlobals) = postSolution
		SolutionGuid = {08ED1EEC-6377-41C1-A226-50048A621B96}
	EndGlobalSection
EndGlobal
